
Microsoft Visual Studio Solution File, Format Version 12.00
# Visual Studio Version 17
VisualStudioVersion = 17.8.34525.116
MinimumVisualStudioVersion = 10.0.40219.1
Project("{FAE04EC0-301F-11D3-BF4B-00C04F79EFBC}") = "Pirmie Soli C# 1.1", "Pirmie Soli C# 1.1\Pirmie Soli C# 1.1.csproj", "{7C8BA3D8-9818-4D4F-9C0E-E8EEF2AB50F6}"
EndProject
Global
	GlobalSection(SolutionConfigurationPlatforms) = preSolution
		Debug|Any CPU = Debug|Any CPU
		Release|Any CPU = Release|Any CPU
	EndGlobalSection
	GlobalSection(ProjectConfigurationPlatforms) = postSolution
		{7C8BA3D8-9818-4D4F-9C0E-E8EEF2AB50F6}.Debug|Any CPU.ActiveCfg = Debug|Any CPU
		{7C8BA3D8-9818-4D4F-9C0E-E8EEF2AB50F6}.Debug|Any CPU.Build.0 = Debug|Any CPU
		{7C8BA3D8-9818-4D4F-9C0E-E8EEF2AB50F6}.Release|Any CPU.ActiveCfg = Release|Any CPU
		{7C8BA3D8-9818-4D4F-9C0E-E8EEF2AB50F6}.Release|Any CPU.Build.0 = Release|Any CPU
	EndGlobalSection
	GlobalSection(SolutionProperties) = preSolution
		HideSolutionNode = FALSE
	EndGlobalSection
	GlobalSection(ExtensibilityGlobals) = postSolution
		SolutionGuid = {E9D0EE4F-1AFE-4891-9480-DEA349F52BE6}
	EndGlobalSection
EndGlobal
